{
  "originHash" : "b72897ceb1313c7892614780c97b836486a1724719d926495f2c3a095184b6a3",
  "pins" : [
    {
      "identity" : "cocoalumberjack",
      "kind" : "remoteSourceControl",
      "location" : "https://github.com/CocoaLumberjack/CocoaLumberjack.git",
      "state" : {
        "revision" : "a9ed4b6f9bdedce7d77046f43adfb8ce1fd54114",
        "version" : "3.9.0"
      }
    },
    {
      "identity" : "rollbar-apple",
      "kind" : "remoteSourceControl",
      "location" : "https://github.com/rollbar/rollbar-apple",
      "state" : {
        "revision" : "2077a05788a740eea7d804c293c7d5313169b5ed",
        "version" : "3.3.3"
      }
    },
    {
      "identity" : "swift-log",
      "kind" : "remoteSourceControl",
      "location" : "https://github.com/apple/swift-log",
      "state" : {
        "revision" : "ce592ae52f982c847a4efc0dd881cc9eb32d29f2",
        "version" : "1.6.4"
      }
    }
  ],
  "version" : 3
}
